{
  "name": "@curriculumassociates/accessibility-createjs-adapter",
  "version": "2.0.0",
  "lockfileVersion": 2,
  "requires": true,
  "packages": {
    "": {
      "name": "@curriculumassociates/accessibility-createjs-adapter",
      "version": "2.0.0",
      "license": "ISC",
      "devDependencies": {
        "@types/createjs": "^0.0.29",
        "@types/easeljs": "^1.0.1"
      }
    },
    "node_modules/@types/createjs": {
      "version": "0.0.29",
      "resolved": "https://nexus.cainc.com/repository/npm/@types/createjs/-/createjs-0.0.29.tgz",
      "integrity": "sha512-bDZJTAEoGZw12zjXHLrcQHz0tuyv+MMlFh9tLm7DWZfF33biqWaXQgk4g7pMvploRu42sbH4XkXVJ7Wz9O1sCg==",
      "dev": true,
      "license": "MIT",
      "dependencies": {
        "@types/createjs-lib": "*",
        "@types/easeljs": "*",
        "@types/preloadjs": "*",
        "@types/soundjs": "*",
        "@types/tweenjs": "*"
      }
    },
    "node_modules/@types/createjs-lib": {
      "version": "0.0.29",
      "resolved": "https://nexus.cainc.com/repository/npm/@types/createjs-lib/-/createjs-lib-0.0.29.tgz",
      "integrity": "sha512-SjceOhvNEqweSfWNMT6wu4DsH09X0phnlzCCj5s+VAwLXuTsb8YS+vAmngg+DTuWu75vcF3qFsqxZQ85KZ3/Lw==",
      "dev": true,
      "license": "MIT"
    },
    "node_modules/@types/easeljs": {
      "version": "1.0.1",
      "resolved": "https://nexus.cainc.com/repository/npm/@types/easeljs/-/easeljs-1.0.1.tgz",
      "integrity": "sha512-mu4oIs+2CbN60Vgq8DSt7aXR2I0tV9K2ev/ZIPlkyE5UvQ+xIvw8D3NDB4dnGFkvHN303faYcETIhuvNDm6siQ==",
      "dev": true,
      "license": "MIT",
      "dependencies": {
        "@types/createjs-lib": "*",
        "@types/tweenjs": "*"
      }
    },
    "node_modules/@types/preloadjs": {
      "version": "0.6.32",
      "resolved": "https://nexus.cainc.com/repository/npm/@types/preloadjs/-/preloadjs-0.6.32.tgz",
      "integrity": "sha512-vtrFzX5Aba+CYs/niapnQzk9qmJzXmKraV/Vty/T/HWO+gv3BoyDpV+OoEUS76NRnfRYi1kihE0IujiM7MjCQA==",
      "dev": true,
      "license": "MIT",
      "dependencies": {
        "@types/createjs-lib": "*"
      }
    },
    "node_modules/@types/soundjs": {
      "version": "0.6.28",
      "resolved": "https://nexus.cainc.com/repository/npm/@types/soundjs/-/soundjs-0.6.28.tgz",
      "integrity": "sha512-K3ktwPvYfQrH+qGEe1tgxC5o4rJC7CVxQmL9Cz9tgVq0oW99PmPfRp1F7YXELibCvV3lieD4E0sUZvnDEKWaPg==",
      "dev": true,
      "license": "MIT",
      "dependencies": {
        "@types/createjs-lib": "*",
        "@types/preloadjs": "*"
      }
    },
    "node_modules/@types/tweenjs": {
      "version": "1.0.4",
      "resolved": "https://nexus.cainc.com/repository/npm/@types/tweenjs/-/tweenjs-1.0.4.tgz",
      "integrity": "sha512-UnGcZRjGYz2w+2LB/70QkzWjtqOcTu4Nxa/Cy9YZ4I8HU44kcayNgbXZYMQu4ll7z+1GP7r1+viqLKNv7+Mrzw==",
      "dev": true,
      "license": "MIT",
      "dependencies": {
        "@types/createjs-lib": "*"
      }
    }
  },
  "dependencies": {
    "@types/createjs": {
      "version": "0.0.29",
      "resolved": "https://nexus.cainc.com/repository/npm/@types/createjs/-/createjs-0.0.29.tgz",
      "integrity": "sha512-bDZJTAEoGZw12zjXHLrcQHz0tuyv+MMlFh9tLm7DWZfF33biqWaXQgk4g7pMvploRu42sbH4XkXVJ7Wz9O1sCg==",
      "dev": true,
      "requires": {
        "@types/createjs-lib": "*",
        "@types/easeljs": "*",
        "@types/preloadjs": "*",
        "@types/soundjs": "*",
        "@types/tweenjs": "*"
      }
    },
    "@types/createjs-lib": {
      "version": "0.0.29",
      "resolved": "https://nexus.cainc.com/repository/npm/@types/createjs-lib/-/createjs-lib-0.0.29.tgz",
      "integrity": "sha512-SjceOhvNEqweSfWNMT6wu4DsH09X0phnlzCCj5s+VAwLXuTsb8YS+vAmngg+DTuWu75vcF3qFsqxZQ85KZ3/Lw==",
      "dev": true
    },
    "@types/easeljs": {
      "version": "1.0.1",
      "resolved": "https://nexus.cainc.com/repository/npm/@types/easeljs/-/easeljs-1.0.1.tgz",
      "integrity": "sha512-mu4oIs+2CbN60Vgq8DSt7aXR2I0tV9K2ev/ZIPlkyE5UvQ+xIvw8D3NDB4dnGFkvHN303faYcETIhuvNDm6siQ==",
      "dev": true,
      "requires": {
        "@types/createjs-lib": "*",
        "@types/tweenjs": "*"
      }
    },
    "@types/preloadjs": {
      "version": "0.6.32",
      "resolved": "https://nexus.cainc.com/repository/npm/@types/preloadjs/-/preloadjs-0.6.32.tgz",
      "integrity": "sha512-vtrFzX5Aba+CYs/niapnQzk9qmJzXmKraV/Vty/T/HWO+gv3BoyDpV+OoEUS76NRnfRYi1kihE0IujiM7MjCQA==",
      "dev": true,
      "requires": {
        "@types/createjs-lib": "*"
      }
    },
    "@types/soundjs": {
      "version": "0.6.28",
      "resolved": "https://nexus.cainc.com/repository/npm/@types/soundjs/-/soundjs-0.6.28.tgz",
      "integrity": "sha512-K3ktwPvYfQrH+qGEe1tgxC5o4rJC7CVxQmL9Cz9tgVq0oW99PmPfRp1F7YXELibCvV3lieD4E0sUZvnDEKWaPg==",
      "dev": true,
      "requires": {
        "@types/createjs-lib": "*",
        "@types/preloadjs": "*"
      }
    },
    "@types/tweenjs": {
      "version": "1.0.4",
      "resolved": "https://nexus.cainc.com/repository/npm/@types/tweenjs/-/tweenjs-1.0.4.tgz",
      "integrity": "sha512-UnGcZRjGYz2w+2LB/70QkzWjtqOcTu4Nxa/Cy9YZ4I8HU44kcayNgbXZYMQu4ll7z+1GP7r1+viqLKNv7+Mrzw==",
      "dev": true,
      "requires": {
        "@types/createjs-lib": "*"
      }
    }
  }
}
