{
  "name": "@curriculumassociates/accessibility-test-app",
  "version": "2.0.0",
  "lockfileVersion": 2,
  "requires": true,
  "packages": {
    "": {
      "name": "@curriculumassociates/accessibility-test-app",
      "version": "2.0.0",
      "license": "ISC",
      "dependencies": {
        "easeljs": "^1.0.2",
        "gsap": "^3.11.3"
      },
      "devDependencies": {
        "@rollup/plugin-html": "^1.0.0"
      }
    },
    "node_modules/@rollup/plugin-html": {
      "version": "1.0.0",
      "resolved": "https://nexus.cainc.com/repository/npm/@rollup/plugin-html/-/plugin-html-1.0.0.tgz",
      "integrity": "sha512-BFtHaKBiGN3z5fwhUIY8aZxEry1as4xU6iWvrVgOHSHNoH1ZfLaPcghnf2wwcQgt/oN5iF2vk9BoxDouzqIj+A==",
      "dev": true,
      "license": "MIT",
      "engines": {
        "node": ">=14.0.0"
      },
      "peerDependencies": {
        "rollup": "^1.20.0||^2.0.0||^3.0.0"
      },
      "peerDependenciesMeta": {
        "rollup": {
          "optional": true
        }
      }
    },
    "node_modules/easeljs": {
      "version": "1.0.2",
      "resolved": "https://nexus.cainc.com/repository/npm/easeljs/-/easeljs-1.0.2.tgz",
      "integrity": "sha512-PQTsiud32vrUIqZCbynjOJjCzoEp0xH+MRusRCdsZ1MzL4LCE2vp4Sa5cr6aShB3mK4vMZ8LFPnts4xuFhjEmg==",
      "license": "MIT"
    },
    "node_modules/gsap": {
      "version": "3.11.3",
      "resolved": "https://nexus.cainc.com/repository/npm/gsap/-/gsap-3.11.3.tgz",
      "integrity": "sha512-xc/iIJy+LWiMbRa4IdMtdnnKa/7PXEK6NNzV71gdOYUVeTZN7UWnLU0fB7Hi1iwiz4ZZoYkBZPPYGg+2+zzFHA==",
      "license": "Standard 'no charge' license: https://greensock.com/standard-license. Club GreenSock members get more: https://greensock.com/licensing/. Why GreenSock doesn't employ an MIT license: https://greensock.com/why-license/"
    }
  },
  "dependencies": {
    "@rollup/plugin-html": {
      "version": "1.0.0",
      "resolved": "https://nexus.cainc.com/repository/npm/@rollup/plugin-html/-/plugin-html-1.0.0.tgz",
      "integrity": "sha512-BFtHaKBiGN3z5fwhUIY8aZxEry1as4xU6iWvrVgOHSHNoH1ZfLaPcghnf2wwcQgt/oN5iF2vk9BoxDouzqIj+A==",
      "dev": true,
      "requires": {}
    },
    "easeljs": {
      "version": "1.0.2",
      "resolved": "https://nexus.cainc.com/repository/npm/easeljs/-/easeljs-1.0.2.tgz",
      "integrity": "sha512-PQTsiud32vrUIqZCbynjOJjCzoEp0xH+MRusRCdsZ1MzL4LCE2vp4Sa5cr6aShB3mK4vMZ8LFPnts4xuFhjEmg=="
    },
    "gsap": {
      "version": "3.11.3",
      "resolved": "https://nexus.cainc.com/repository/npm/gsap/-/gsap-3.11.3.tgz",
      "integrity": "sha512-xc/iIJy+LWiMbRa4IdMtdnnKa/7PXEK6NNzV71gdOYUVeTZN7UWnLU0fB7Hi1iwiz4ZZoYkBZPPYGg+2+zzFHA=="
    }
  }
}
